
Microsoft Visual Studio Solution File, Format Version 12.00
# Visual Studio Version 16
VisualStudioVersion = 16.0.31624.102
MinimumVisualStudioVersion = 10.0.40219.1
Project("{FAE04EC0-301F-11D3-BF4B-00C04F79EFBC}") = "Ninance v2", "Ninance v2.csproj", "{0EEF330A-06B3-4889-90F3-1BAB7B4BD926}"
EndProject
Global
	GlobalSection(SolutionConfigurationPlatforms) = preSolution
		Debug|Any CPU = Debug|Any CPU
		Release|Any CPU = Release|Any CPU
	EndGlobalSection
	GlobalSection(ProjectConfigurationPlatforms) = postSolution
		{0EEF330A-06B3-4889-90F3-1BAB7B4BD926}.Debug|Any CPU.ActiveCfg = Debug|Any CPU
		{0EEF330A-06B3-4889-90F3-1BAB7B4BD926}.Debug|Any CPU.Build.0 = Debug|Any CPU
		{0EEF330A-06B3-4889-90F3-1BAB7B4BD926}.Release|Any CPU.ActiveCfg = Release|Any CPU
		{0EEF330A-06B3-4889-90F3-1BAB7B4BD926}.Release|Any CPU.Build.0 = Release|Any CPU
	EndGlobalSection
	GlobalSection(SolutionProperties) = preSolution
		HideSolutionNode = FALSE
	EndGlobalSection
	GlobalSection(ExtensibilityGlobals) = postSolution
		SolutionGuid = {1E048A63-FF24-45D2-A847-A564E2F9DC97}
	EndGlobalSection
EndGlobal
